
Microsoft Visual Studio Solution File, Format Version 12.00
# Visual Studio Version 17
VisualStudioVersion = 17.10.34916.146
MinimumVisualStudioVersion = 10.0.40219.1
Project("{FAE04EC0-301F-11D3-BF4B-00C04F79EFBC}") = "HW_SP_8.4", "HW_SP_8.4.csproj", "{5DAA7525-F1A1-4730-88FC-831EFAAF3F1D}"
EndProject
Global
	GlobalSection(SolutionConfigurationPlatforms) = preSolution
		Debug|Any CPU = Debug|Any CPU
		Release|Any CPU = Release|Any CPU
	EndGlobalSection
	GlobalSection(ProjectConfigurationPlatforms) = postSolution
		{5DAA7525-F1A1-4730-88FC-831EFAAF3F1D}.Debug|Any CPU.ActiveCfg = Debug|Any CPU
		{5DAA7525-F1A1-4730-88FC-831EFAAF3F1D}.Debug|Any CPU.Build.0 = Debug|Any CPU
		{5DAA7525-F1A1-4730-88FC-831EFAAF3F1D}.Release|Any CPU.ActiveCfg = Release|Any CPU
		{5DAA7525-F1A1-4730-88FC-831EFAAF3F1D}.Release|Any CPU.Build.0 = Release|Any CPU
	EndGlobalSection
	GlobalSection(SolutionProperties) = preSolution
		HideSolutionNode = FALSE
	EndGlobalSection
	GlobalSection(ExtensibilityGlobals) = postSolution
		SolutionGuid = {87902E47-CC6E-47ED-A1C7-46D21772C501}
	EndGlobalSection
EndGlobal
